
Microsoft Visual Studio Solution File, Format Version 12.00
# Visual Studio 15
Project("{FAE04EC0-301F-11D3-BF4B-00C04F79EFBC}") = "SplashKitDemo", "SplashKitDemo\SplashKitDemo.csproj", "{38369E6C-03F7-4678-ABF7-710326818ECC}"
EndProject
Global
	GlobalSection(SolutionConfigurationPlatforms) = preSolution
		Debug|anycpu = Debug|anycpu
		Release|anycpu = Release|anycpu
	EndGlobalSection
	GlobalSection(ProjectConfigurationPlatforms) = postSolution
		{38369E6C-03F7-4678-ABF7-710326818ECC}.Debug|anycpu.ActiveCfg = Debug|anycpu
		{38369E6C-03F7-4678-ABF7-710326818ECC}.Debug|anycpu.Build.0 = Debug|anycpu
		{38369E6C-03F7-4678-ABF7-710326818ECC}.Release|anycpu.ActiveCfg = Release|anycpu
		{38369E6C-03F7-4678-ABF7-710326818ECC}.Release|anycpu.Build.0 = Release|anycpu
	EndGlobalSection
EndGlobal
